
Microsoft Visual Studio Solution File, Format Version 12.00
# Visual Studio Version 16
VisualStudioVersion = 16.0.31424.327
MinimumVisualStudioVersion = 10.0.40219.1
Project("{FAE04EC0-301F-11D3-BF4B-00C04F79EFBC}") = "KanyeAndRonSwanson", "KanyeAndRonSwanson\KanyeAndRonSwanson.csproj", "{31A789ED-68E9-4BCE-972F-16FBB6ED4E3C}"
EndProject
Global
	GlobalSection(SolutionConfigurationPlatforms) = preSolution
		Debug|Any CPU = Debug|Any CPU
		Release|Any CPU = Release|Any CPU
	EndGlobalSection
	GlobalSection(ProjectConfigurationPlatforms) = postSolution
		{31A789ED-68E9-4BCE-972F-16FBB6ED4E3C}.Debug|Any CPU.ActiveCfg = Debug|Any CPU
		{31A789ED-68E9-4BCE-972F-16FBB6ED4E3C}.Debug|Any CPU.Build.0 = Debug|Any CPU
		{31A789ED-68E9-4BCE-972F-16FBB6ED4E3C}.Release|Any CPU.ActiveCfg = Release|Any CPU
		{31A789ED-68E9-4BCE-972F-16FBB6ED4E3C}.Release|Any CPU.Build.0 = Release|Any CPU
	EndGlobalSection
	GlobalSection(SolutionProperties) = preSolution
		HideSolutionNode = FALSE
	EndGlobalSection
	GlobalSection(ExtensibilityGlobals) = postSolution
		SolutionGuid = {DEF2FD93-8656-43BA-AA27-38C6ADF4F006}
	EndGlobalSection
EndGlobal
